
Microsoft Visual Studio Solution File, Format Version 12.00
# Visual Studio Version 16
VisualStudioVersion = 16.0.29102.190
MinimumVisualStudioVersion = 10.0.40219.1
Project("{9A19103F-16F7-4668-BE54-9A1E7A4F7556}") = "tiny-fp", "src\tiny-fp.csproj", "{1FABEADD-6DCC-4973-B67C-6A6DC441FA25}"
EndProject
Project("{9A19103F-16F7-4668-BE54-9A1E7A4F7556}") = "tiny-fp-test", "test\tiny-fp-test.csproj", "{F90BE76F-5095-4A4D-BF7A-DCFDD0FFF3C6}"
EndProject
Global
	GlobalSection(SolutionConfigurationPlatforms) = preSolution
		Debug|Any CPU = Debug|Any CPU
		Release|Any CPU = Release|Any CPU
	EndGlobalSection
	GlobalSection(ProjectConfigurationPlatforms) = postSolution
		{1FABEADD-6DCC-4973-B67C-6A6DC441FA25}.Debug|Any CPU.ActiveCfg = Debug|Any CPU
		{1FABEADD-6DCC-4973-B67C-6A6DC441FA25}.Debug|Any CPU.Build.0 = Debug|Any CPU
		{1FABEADD-6DCC-4973-B67C-6A6DC441FA25}.Release|Any CPU.ActiveCfg = Release|Any CPU
		{1FABEADD-6DCC-4973-B67C-6A6DC441FA25}.Release|Any CPU.Build.0 = Release|Any CPU
		{F90BE76F-5095-4A4D-BF7A-DCFDD0FFF3C6}.Debug|Any CPU.ActiveCfg = Debug|Any CPU
		{F90BE76F-5095-4A4D-BF7A-DCFDD0FFF3C6}.Debug|Any CPU.Build.0 = Debug|Any CPU
		{F90BE76F-5095-4A4D-BF7A-DCFDD0FFF3C6}.Release|Any CPU.ActiveCfg = Release|Any CPU
		{F90BE76F-5095-4A4D-BF7A-DCFDD0FFF3C6}.Release|Any CPU.Build.0 = Release|Any CPU
	EndGlobalSection
	GlobalSection(SolutionProperties) = preSolution
		HideSolutionNode = FALSE
	EndGlobalSection
	GlobalSection(ExtensibilityGlobals) = postSolution
		SolutionGuid = {891ADF71-1BF1-4DD7-B160-E63224D842AB}
	EndGlobalSection
EndGlobal
